{
	"name": "lsp-ogone",
	"version": "0.0.1",
	"lockfileVersion": 1,
	"requires": true,
	"dependencies": {
		"@types/highlight.js": {
			"version": "9.12.4",
			"resolved": "https://registry.npmjs.org/@types/highlight.js/-/highlight.js-9.12.4.tgz",
			"integrity": "sha512-t2szdkwmg2JJyuCM20e8kR2X59WCE5Zkl4bzm1u1Oukjm79zpbiAv+QjnwLnuuV0WHEcX2NgUItu0pAMKuOPww==",
			"dev": true
		},
		"@types/linkify-it": {
			"version": "3.0.0",
			"resolved": "https://registry.npmjs.org/@types/linkify-it/-/linkify-it-3.0.0.tgz",
			"integrity": "sha512-x9OaQQTb1N2hPZ/LWJsqushexDvz7NgzuZxiRmZio44WPuolTZNHDBCrOxCzRVOMwamJRO2dWax5NbygOf1OTQ==",
			"dev": true
		},
		"@types/markdown-it": {
			"version": "12.0.0",
			"resolved": "https://registry.npmjs.org/@types/markdown-it/-/markdown-it-12.0.0.tgz",
			"integrity": "sha512-+RJNprPSIcEUBzj3nx8WYwRsDdAKF6/dG932OleYKbTqBSJ7VvZK0JbPKeEpIYxoniUhgvgyZjO4vlCd4mFTdw==",
			"dev": true,
			"requires": {
				"@types/highlight.js": "^9.7.0",
				"@types/linkify-it": "*",
				"@types/mdurl": "*"
			}
		},
		"@types/mdurl": {
			"version": "1.0.2",
			"resolved": "https://registry.npmjs.org/@types/mdurl/-/mdurl-1.0.2.tgz",
			"integrity": "sha512-eC4U9MlIcu2q0KQmXszyn5Akca/0jrQmwDRgpAMJai7qBWq4amIQhZyNau4VYGtCeALvW1/NtjzJJ567aZxfKA==",
			"dev": true
		},
		"@types/node": {
			"version": "14.14.16",
			"resolved": "https://registry.npmjs.org/@types/node/-/node-14.14.16.tgz",
			"integrity": "sha512-naXYePhweTi+BMv11TgioE2/FXU4fSl29HAH1ffxVciNsH3rYXjNP2yM8wqmSm7jS20gM8TIklKiTen+1iVncw==",
			"dev": true
		},
		"@types/vscode": {
			"version": "1.35.0",
			"resolved": "https://registry.npmjs.org/@types/vscode/-/vscode-1.35.0.tgz",
			"integrity": "sha512-Iyliuu8Hv4qy4TEaevQzChh9UsTEcuaKdcHXBbvJnoJSF5Td2yNENOrPK+vuOaXJJBhQZb4BNJKOxt6caaQR8A==",
			"dev": true
		},
		"@types/ws": {
			"version": "7.4.0",
			"resolved": "https://registry.npmjs.org/@types/ws/-/ws-7.4.0.tgz",
			"integrity": "sha512-Y29uQ3Uy+58bZrFLhX36hcI3Np37nqWE7ky5tjiDoy1GDZnIwVxS0CgF+s+1bXMzjKBFy+fqaRfb708iNzdinw==",
			"dev": true,
			"requires": {
				"@types/node": "*"
			}
		},
		"dom-serializer": {
			"version": "1.1.0",
			"resolved": "https://registry.npmjs.org/dom-serializer/-/dom-serializer-1.1.0.tgz",
			"integrity": "sha512-ox7bvGXt2n+uLWtCRLybYx60IrOlWL/aCebWJk1T0d4m3y2tzf4U3ij9wBMUb6YJZpz06HCCYuyCDveE2xXmzQ==",
			"requires": {
				"domelementtype": "^2.0.1",
				"domhandler": "^3.0.0",
				"entities": "^2.0.0"
			}
		},
		"domelementtype": {
			"version": "2.0.2",
			"resolved": "https://registry.npmjs.org/domelementtype/-/domelementtype-2.0.2.tgz",
			"integrity": "sha512-wFwTwCVebUrMgGeAwRL/NhZtHAUyT9n9yg4IMDwf10+6iCMxSkVq9MGCVEH+QZWo1nNidy8kNvwmv4zWHDTqvA=="
		},
		"domhandler": {
			"version": "3.2.0",
			"resolved": "https://registry.npmjs.org/domhandler/-/domhandler-3.2.0.tgz",
			"integrity": "sha512-FnT5pxGpykNI10uuwyqae65Ysw7XBQJKDjDjlHgE/rsNtjr1FyGNVNQCVlM5hwcq9wkyWSqB+L5Z+Qa4khwLuA==",
			"requires": {
				"domelementtype": "^2.0.1"
			}
		},
		"domutils": {
			"version": "2.4.1",
			"resolved": "https://registry.npmjs.org/domutils/-/domutils-2.4.1.tgz",
			"integrity": "sha512-AA5r2GD1Dljhxc+k4zD2HYQaDkDPBhTqmqF55wLNlxfhFQlqaYME8Jhmo2nKNBb+CNfPXE8SAjtF6SsZ0cza/w==",
			"requires": {
				"dom-serializer": "^1.0.1",
				"domelementtype": "^2.0.1",
				"domhandler": "^3.2.0"
			}
		},
		"entities": {
			"version": "2.0.3",
			"resolved": "https://registry.npmjs.org/entities/-/entities-2.0.3.tgz",
			"integrity": "sha512-MyoZ0jgnLvB2X3Lg5HqpFmn1kybDiIfEQmKzTb5apr51Rb+T3KdmMiqa70T+bhGnyv7bQ6WMj2QMHpGMmlrUYQ=="
		},
		"htmlparser2": {
			"version": "4.1.0",
			"resolved": "https://registry.npmjs.org/htmlparser2/-/htmlparser2-4.1.0.tgz",
			"integrity": "sha512-4zDq1a1zhE4gQso/c5LP1OtrhYTncXNSpvJYtWJBtXAETPlMfi3IFNjGuQbYLuVY4ZR0QMqRVvo4Pdy9KLyP8Q==",
			"requires": {
				"domelementtype": "^2.0.1",
				"domhandler": "^3.0.0",
				"domutils": "^2.0.0",
				"entities": "^2.0.0"
			}
		},
		"semver": {
			"version": "5.7.1",
			"resolved": "https://registry.npmjs.org/semver/-/semver-5.7.1.tgz",
			"integrity": "sha512-sauaDf/PZdVgrLTNYHRtpXa1iRiKcaebiKQ1BJdpQlWH2lCvexQdX55snPFyK7QzpudqbCI0qXFfOasHdyNDGQ=="
		},
		"vscode-jsonrpc": {
			"version": "4.0.0",
			"resolved": "https://registry.npmjs.org/vscode-jsonrpc/-/vscode-jsonrpc-4.0.0.tgz",
			"integrity": "sha512-perEnXQdQOJMTDFNv+UF3h1Y0z4iSiaN9jIlb0OqIYgosPCZGYh/MCUlkFtV2668PL69lRDO32hmvL2yiidUYg=="
		},
		"vscode-languageclient": {
			"version": "5.2.1",
			"resolved": "https://registry.npmjs.org/vscode-languageclient/-/vscode-languageclient-5.2.1.tgz",
			"integrity": "sha512-7jrS/9WnV0ruqPamN1nE7qCxn0phkH5LjSgSp9h6qoJGoeAKzwKz/PF6M+iGA/aklx4GLZg1prddhEPQtuXI1Q==",
			"requires": {
				"semver": "^5.5.0",
				"vscode-languageserver-protocol": "3.14.1"
			}
		},
		"vscode-languageserver-protocol": {
			"version": "3.14.1",
			"resolved": "https://registry.npmjs.org/vscode-languageserver-protocol/-/vscode-languageserver-protocol-3.14.1.tgz",
			"integrity": "sha512-IL66BLb2g20uIKog5Y2dQ0IiigW0XKrvmWiOvc0yXw80z3tMEzEnHjaGAb3ENuU7MnQqgnYJ1Cl2l9RvNgDi4g==",
			"requires": {
				"vscode-jsonrpc": "^4.0.0",
				"vscode-languageserver-types": "3.14.0"
			}
		},
		"vscode-languageserver-textdocument": {
			"version": "1.0.1",
			"resolved": "https://registry.npmjs.org/vscode-languageserver-textdocument/-/vscode-languageserver-textdocument-1.0.1.tgz",
			"integrity": "sha512-UIcJDjX7IFkck7cSkNNyzIz5FyvpQfY7sdzVy+wkKN/BLaD4DQ0ppXQrKePomCxTS7RrolK1I0pey0bG9eh8dA=="
		},
		"vscode-languageserver-types": {
			"version": "3.14.0",
			"resolved": "https://registry.npmjs.org/vscode-languageserver-types/-/vscode-languageserver-types-3.14.0.tgz",
			"integrity": "sha512-lTmS6AlAlMHOvPQemVwo3CezxBp0sNB95KNPkqp3Nxd5VFEnuG1ByM0zlRWos0zjO3ZWtkvhal0COgiV1xIA4A=="
		},
		"ws": {
			"version": "7.4.1",
			"resolved": "https://registry.npmjs.org/ws/-/ws-7.4.1.tgz",
			"integrity": "sha512-pTsP8UAfhy3sk1lSk/O/s4tjD0CRwvMnzvwr4OKGX7ZvqZtUyx4KIJB5JWbkykPoc55tixMGgTNoh3k4FkNGFQ=="
		}
	}
}
