{
	"name": "lsp-ogone-server",
	"version": "1.0.0",
	"lockfileVersion": 1,
	"requires": true,
	"dependencies": {
		"adm-zip": {
			"version": "0.5.5",
			"resolved": "https://registry.npmjs.org/adm-zip/-/adm-zip-0.5.5.tgz",
			"integrity": "sha512-IWwXKnCbirdbyXSfUDvCCrmYrOHANRZcc8NcRrvTlIApdl7PwE9oGcsYvNeJPAVY1M+70b4PxXGKIf8AEuiQ6w==",
			"dev": true
		},
		"deno-bin": {
			"version": "1.8.2",
			"resolved": "https://registry.npmjs.org/deno-bin/-/deno-bin-1.8.2.tgz",
			"integrity": "sha512-1Odtk/khnadbCaSX9GSY5QVU09g0az/UZ60GSvNXp7hFkhrWKmHDyGMAVCtuszr9/c4O4Sw2PUxSCUphuofLpA==",
			"dev": true,
			"requires": {
				"adm-zip": "^0.5.4",
				"follow-redirects": "^1.10.0"
			}
		},
		"dom-serializer": {
			"version": "1.1.0",
			"resolved": "https://registry.npmjs.org/dom-serializer/-/dom-serializer-1.1.0.tgz",
			"integrity": "sha512-ox7bvGXt2n+uLWtCRLybYx60IrOlWL/aCebWJk1T0d4m3y2tzf4U3ij9wBMUb6YJZpz06HCCYuyCDveE2xXmzQ==",
			"requires": {
				"domelementtype": "^2.0.1",
				"domhandler": "^3.0.0",
				"entities": "^2.0.0"
			}
		},
		"domelementtype": {
			"version": "2.0.2",
			"resolved": "https://registry.npmjs.org/domelementtype/-/domelementtype-2.0.2.tgz",
			"integrity": "sha512-wFwTwCVebUrMgGeAwRL/NhZtHAUyT9n9yg4IMDwf10+6iCMxSkVq9MGCVEH+QZWo1nNidy8kNvwmv4zWHDTqvA=="
		},
		"domhandler": {
			"version": "3.2.0",
			"resolved": "https://registry.npmjs.org/domhandler/-/domhandler-3.2.0.tgz",
			"integrity": "sha512-FnT5pxGpykNI10uuwyqae65Ysw7XBQJKDjDjlHgE/rsNtjr1FyGNVNQCVlM5hwcq9wkyWSqB+L5Z+Qa4khwLuA==",
			"requires": {
				"domelementtype": "^2.0.1"
			}
		},
		"domutils": {
			"version": "2.4.1",
			"resolved": "https://registry.npmjs.org/domutils/-/domutils-2.4.1.tgz",
			"integrity": "sha512-AA5r2GD1Dljhxc+k4zD2HYQaDkDPBhTqmqF55wLNlxfhFQlqaYME8Jhmo2nKNBb+CNfPXE8SAjtF6SsZ0cza/w==",
			"requires": {
				"dom-serializer": "^1.0.1",
				"domelementtype": "^2.0.1",
				"domhandler": "^3.2.0"
			}
		},
		"entities": {
			"version": "2.0.3",
			"resolved": "https://registry.npmjs.org/entities/-/entities-2.0.3.tgz",
			"integrity": "sha512-MyoZ0jgnLvB2X3Lg5HqpFmn1kybDiIfEQmKzTb5apr51Rb+T3KdmMiqa70T+bhGnyv7bQ6WMj2QMHpGMmlrUYQ=="
		},
		"follow-redirects": {
			"version": "1.13.3",
			"resolved": "https://registry.npmjs.org/follow-redirects/-/follow-redirects-1.13.3.tgz",
			"integrity": "sha512-DUgl6+HDzB0iEptNQEXLx/KhTmDb8tZUHSeLqpnjpknR70H0nC2t9N73BK6fN4hOvJ84pKlIQVQ4k5FFlBedKA==",
			"dev": true
		},
		"htmlparser2": {
			"version": "4.1.0",
			"resolved": "https://registry.npmjs.org/htmlparser2/-/htmlparser2-4.1.0.tgz",
			"integrity": "sha512-4zDq1a1zhE4gQso/c5LP1OtrhYTncXNSpvJYtWJBtXAETPlMfi3IFNjGuQbYLuVY4ZR0QMqRVvo4Pdy9KLyP8Q==",
			"requires": {
				"domelementtype": "^2.0.1",
				"domhandler": "^3.0.0",
				"domutils": "^2.0.0",
				"entities": "^2.0.0"
			}
		},
		"vscode-jsonrpc": {
			"version": "4.0.0",
			"resolved": "https://registry.npmjs.org/vscode-jsonrpc/-/vscode-jsonrpc-4.0.0.tgz",
			"integrity": "sha512-perEnXQdQOJMTDFNv+UF3h1Y0z4iSiaN9jIlb0OqIYgosPCZGYh/MCUlkFtV2668PL69lRDO32hmvL2yiidUYg=="
		},
		"vscode-languageserver": {
			"version": "5.2.1",
			"resolved": "https://registry.npmjs.org/vscode-languageserver/-/vscode-languageserver-5.2.1.tgz",
			"integrity": "sha512-GuayqdKZqAwwaCUjDvMTAVRPJOp/SLON3mJ07eGsx/Iq9HjRymhKWztX41rISqDKhHVVyFM+IywICyZDla6U3A==",
			"requires": {
				"vscode-languageserver-protocol": "3.14.1",
				"vscode-uri": "^1.0.6"
			}
		},
		"vscode-languageserver-protocol": {
			"version": "3.14.1",
			"resolved": "https://registry.npmjs.org/vscode-languageserver-protocol/-/vscode-languageserver-protocol-3.14.1.tgz",
			"integrity": "sha512-IL66BLb2g20uIKog5Y2dQ0IiigW0XKrvmWiOvc0yXw80z3tMEzEnHjaGAb3ENuU7MnQqgnYJ1Cl2l9RvNgDi4g==",
			"requires": {
				"vscode-jsonrpc": "^4.0.0",
				"vscode-languageserver-types": "3.14.0"
			}
		},
		"vscode-languageserver-textdocument": {
			"version": "1.0.1",
			"resolved": "https://registry.npmjs.org/vscode-languageserver-textdocument/-/vscode-languageserver-textdocument-1.0.1.tgz",
			"integrity": "sha512-UIcJDjX7IFkck7cSkNNyzIz5FyvpQfY7sdzVy+wkKN/BLaD4DQ0ppXQrKePomCxTS7RrolK1I0pey0bG9eh8dA=="
		},
		"vscode-languageserver-types": {
			"version": "3.14.0",
			"resolved": "https://registry.npmjs.org/vscode-languageserver-types/-/vscode-languageserver-types-3.14.0.tgz",
			"integrity": "sha512-lTmS6AlAlMHOvPQemVwo3CezxBp0sNB95KNPkqp3Nxd5VFEnuG1ByM0zlRWos0zjO3ZWtkvhal0COgiV1xIA4A=="
		},
		"vscode-uri": {
			"version": "1.0.8",
			"resolved": "https://registry.npmjs.org/vscode-uri/-/vscode-uri-1.0.8.tgz",
			"integrity": "sha512-obtSWTlbJ+a+TFRYGaUumtVwb+InIUVI0Lu0VBUAPmj2cU5JutEXg3xUE0c2J5Tcy7h2DEKVJBFi+Y9ZSFzzPQ=="
		}
	}
}
